
Microsoft Visual Studio Solution File, Format Version 12.00
# Visual Studio Version 16
VisualStudioVersion = 16.0.31229.75
MinimumVisualStudioVersion = 10.0.40219.1
Project("{8BC9CEB8-8B4A-11D0-8D11-00A0C91BC942}") = "70_ClimbingStairs", "70_ClimbingStairs.vcxproj", "{DD2F77BF-337B-4EDC-99AD-3DA85E05EB76}"
EndProject
Project("{8BC9CEB8-8B4A-11D0-8D11-00A0C91BC942}") = "UnitTests", "UnitTests\UnitTests.vcxproj", "{431F1259-DFA2-4552-B018-B8B0EDADC97D}"
EndProject
Global
	GlobalSection(SolutionConfigurationPlatforms) = preSolution
		Debug|x64 = Debug|x64
		Debug|x86 = Debug|x86
		Release|x64 = Release|x64
		Release|x86 = Release|x86
	EndGlobalSection
	GlobalSection(ProjectConfigurationPlatforms) = postSolution
		{DD2F77BF-337B-4EDC-99AD-3DA85E05EB76}.Debug|x64.ActiveCfg = Debug|x64
		{DD2F77BF-337B-4EDC-99AD-3DA85E05EB76}.Debug|x64.Build.0 = Debug|x64
		{DD2F77BF-337B-4EDC-99AD-3DA85E05EB76}.Debug|x86.ActiveCfg = Debug|Win32
		{DD2F77BF-337B-4EDC-99AD-3DA85E05EB76}.Debug|x86.Build.0 = Debug|Win32
		{DD2F77BF-337B-4EDC-99AD-3DA85E05EB76}.Release|x64.ActiveCfg = Release|x64
		{DD2F77BF-337B-4EDC-99AD-3DA85E05EB76}.Release|x64.Build.0 = Release|x64
		{DD2F77BF-337B-4EDC-99AD-3DA85E05EB76}.Release|x86.ActiveCfg = Release|Win32
		{DD2F77BF-337B-4EDC-99AD-3DA85E05EB76}.Release|x86.Build.0 = Release|Win32
		{431F1259-DFA2-4552-B018-B8B0EDADC97D}.Debug|x64.ActiveCfg = Debug|x64
		{431F1259-DFA2-4552-B018-B8B0EDADC97D}.Debug|x64.Build.0 = Debug|x64
		{431F1259-DFA2-4552-B018-B8B0EDADC97D}.Debug|x86.ActiveCfg = Debug|Win32
		{431F1259-DFA2-4552-B018-B8B0EDADC97D}.Debug|x86.Build.0 = Debug|Win32
		{431F1259-DFA2-4552-B018-B8B0EDADC97D}.Release|x64.ActiveCfg = Release|x64
		{431F1259-DFA2-4552-B018-B8B0EDADC97D}.Release|x64.Build.0 = Release|x64
		{431F1259-DFA2-4552-B018-B8B0EDADC97D}.Release|x86.ActiveCfg = Release|Win32
		{431F1259-DFA2-4552-B018-B8B0EDADC97D}.Release|x86.Build.0 = Release|Win32
	EndGlobalSection
	GlobalSection(SolutionProperties) = preSolution
		HideSolutionNode = FALSE
	EndGlobalSection
	GlobalSection(ExtensibilityGlobals) = postSolution
		SolutionGuid = {B4A9827B-06B2-4E23-B8CC-6A0F91C9A7C9}
	EndGlobalSection
EndGlobal
