
Microsoft Visual Studio Solution File, Format Version 12.00
# Visual Studio Version 17
VisualStudioVersion = 17.4.33213.308
MinimumVisualStudioVersion = 10.0.40219.1
Project("{9A19103F-16F7-4668-BE54-9A1E7A4F7556}") = "Solution", "Solution\Solution.csproj", "{04296C88-382A-4EA0-B5B0-18D54563520D}"
EndProject
Project("{FAE04EC0-301F-11D3-BF4B-00C04F79EFBC}") = "UnitTests", "UnitTests\UnitTests.csproj", "{C8CC76A7-DD26-4135-9DCB-CD8F0E1F0DD5}"
EndProject
Global
	GlobalSection(SolutionConfigurationPlatforms) = preSolution
		Debug|Any CPU = Debug|Any CPU
		Release|Any CPU = Release|Any CPU
	EndGlobalSection
	GlobalSection(ProjectConfigurationPlatforms) = postSolution
		{04296C88-382A-4EA0-B5B0-18D54563520D}.Debug|Any CPU.ActiveCfg = Debug|Any CPU
		{04296C88-382A-4EA0-B5B0-18D54563520D}.Debug|Any CPU.Build.0 = Debug|Any CPU
		{04296C88-382A-4EA0-B5B0-18D54563520D}.Release|Any CPU.ActiveCfg = Release|Any CPU
		{04296C88-382A-4EA0-B5B0-18D54563520D}.Release|Any CPU.Build.0 = Release|Any CPU
		{C8CC76A7-DD26-4135-9DCB-CD8F0E1F0DD5}.Debug|Any CPU.ActiveCfg = Debug|Any CPU
		{C8CC76A7-DD26-4135-9DCB-CD8F0E1F0DD5}.Debug|Any CPU.Build.0 = Debug|Any CPU
		{C8CC76A7-DD26-4135-9DCB-CD8F0E1F0DD5}.Release|Any CPU.ActiveCfg = Release|Any CPU
		{C8CC76A7-DD26-4135-9DCB-CD8F0E1F0DD5}.Release|Any CPU.Build.0 = Release|Any CPU
	EndGlobalSection
	GlobalSection(SolutionProperties) = preSolution
		HideSolutionNode = FALSE
	EndGlobalSection
	GlobalSection(ExtensibilityGlobals) = postSolution
		SolutionGuid = {F169B897-B7B4-4F38-9766-6AB6F7631088}
	EndGlobalSection
EndGlobal
